
Microsoft Visual Studio Solution File, Format Version 12.00
# Visual Studio 15
VisualStudioVersion = 15.0.27130.2010
MinimumVisualStudioVersion = 10.0.40219.1
Project("{FAE04EC0-301F-11D3-BF4B-00C04F79EFBC}") = "ExempleJCAssertion", "ExempleJCAssertion\ExempleJCAssertion.csproj", "{7979E08C-A0A1-4EFD-B6FD-662DB9A2E6F4}"
EndProject
Global
	GlobalSection(SolutionConfigurationPlatforms) = preSolution
		Debug|Any CPU = Debug|Any CPU
		Release|Any CPU = Release|Any CPU
	EndGlobalSection
	GlobalSection(ProjectConfigurationPlatforms) = postSolution
		{7979E08C-A0A1-4EFD-B6FD-662DB9A2E6F4}.Debug|Any CPU.ActiveCfg = Debug|Any CPU
		{7979E08C-A0A1-4EFD-B6FD-662DB9A2E6F4}.Debug|Any CPU.Build.0 = Debug|Any CPU
		{7979E08C-A0A1-4EFD-B6FD-662DB9A2E6F4}.Release|Any CPU.ActiveCfg = Release|Any CPU
		{7979E08C-A0A1-4EFD-B6FD-662DB9A2E6F4}.Release|Any CPU.Build.0 = Release|Any CPU
	EndGlobalSection
	GlobalSection(SolutionProperties) = preSolution
		HideSolutionNode = FALSE
	EndGlobalSection
	GlobalSection(ExtensibilityGlobals) = postSolution
		SolutionGuid = {E3F2A59C-E068-44A0-89F7-9A228C031D63}
	EndGlobalSection
EndGlobal
